
Microsoft Visual Studio Solution File, Format Version 12.00
# Visual Studio Version 16
VisualStudioVersion = 16.0.30907.101
MinimumVisualStudioVersion = 10.0.40219.1
Project("{FAE04EC0-301F-11D3-BF4B-00C04F79EFBC}") = "WpfApp1", "WpfApp1\WpfApp1.csproj", "{CF761AA8-C52F-4375-A41F-FFB7814BE962}"
EndProject
Global
	GlobalSection(SolutionConfigurationPlatforms) = preSolution
		Debug|Any CPU = Debug|Any CPU
		Release|Any CPU = Release|Any CPU
	EndGlobalSection
	GlobalSection(ProjectConfigurationPlatforms) = postSolution
		{CF761AA8-C52F-4375-A41F-FFB7814BE962}.Debug|Any CPU.ActiveCfg = Debug|Any CPU
		{CF761AA8-C52F-4375-A41F-FFB7814BE962}.Debug|Any CPU.Build.0 = Debug|Any CPU
		{CF761AA8-C52F-4375-A41F-FFB7814BE962}.Release|Any CPU.ActiveCfg = Release|Any CPU
		{CF761AA8-C52F-4375-A41F-FFB7814BE962}.Release|Any CPU.Build.0 = Release|Any CPU
	EndGlobalSection
	GlobalSection(SolutionProperties) = preSolution
		HideSolutionNode = FALSE
	EndGlobalSection
	GlobalSection(ExtensibilityGlobals) = postSolution
		SolutionGuid = {0C9F10AB-8F4B-4122-BFC7-86F237460079}
	EndGlobalSection
EndGlobal
