
Microsoft Visual Studio Solution File, Format Version 12.00
# Visual Studio Version 16
VisualStudioVersion = 16.0.30907.101
MinimumVisualStudioVersion = 10.0.40219.1
Project("{FAE04EC0-301F-11D3-BF4B-00C04F79EFBC}") = "Lommeregner", "Lommeregner\Lommeregner.csproj", "{C8D868BA-253E-4D19-AB7B-D46DEF593328}"
EndProject
Global
	GlobalSection(SolutionConfigurationPlatforms) = preSolution
		Debug|Any CPU = Debug|Any CPU
		Release|Any CPU = Release|Any CPU
	EndGlobalSection
	GlobalSection(ProjectConfigurationPlatforms) = postSolution
		{C8D868BA-253E-4D19-AB7B-D46DEF593328}.Debug|Any CPU.ActiveCfg = Debug|Any CPU
		{C8D868BA-253E-4D19-AB7B-D46DEF593328}.Debug|Any CPU.Build.0 = Debug|Any CPU
		{C8D868BA-253E-4D19-AB7B-D46DEF593328}.Release|Any CPU.ActiveCfg = Release|Any CPU
		{C8D868BA-253E-4D19-AB7B-D46DEF593328}.Release|Any CPU.Build.0 = Release|Any CPU
	EndGlobalSection
	GlobalSection(SolutionProperties) = preSolution
		HideSolutionNode = FALSE
	EndGlobalSection
	GlobalSection(ExtensibilityGlobals) = postSolution
		SolutionGuid = {B1F2AC02-480F-4559-8FDA-873EFBC95664}
	EndGlobalSection
EndGlobal
